# THIS IS AN AUTOGENERATED FILE. DO NOT EDIT THIS FILE DIRECTLY.
# yarn lockfile v1


serialize-javascript@2.1.1:
  version "2.1.1"
  resolved "https://npm.apple.com/serialize-javascript/-/serialize-javascript-2.1.1.tgz#952907a04a3e3a75af7f73d92d15e233862048b2"
  integrity sha1-lSkHoEo+OnWvf3PZLRXiM4YgSLI=
